
Microsoft Visual Studio Solution File, Format Version 12.00
# Visual Studio Version 17
VisualStudioVersion = 17.12.35527.113
MinimumVisualStudioVersion = 10.0.40219.1
Project("{8BC9CEB8-8B4A-11D0-8D11-00A0C91BC942}") = "wapp", "wapp\wapp.vcxproj", "{D38F8636-A730-45B7-906C-0ADB987405F7}"
EndProject
Project("{8BC9CEB8-8B4A-11D0-8D11-00A0C91BC942}") = "hello", "hello\hello.vcxproj", "{C25F361E-F21E-44CC-A75E-1889FAC9F204}"
EndProject
Project("{8BC9CEB8-8B4A-11D0-8D11-00A0C91BC942}") = "chess", "chess\chess.vcxproj", "{63BF7205-451E-4706-91D2-ABA66FDC30C0}"
EndProject
Project("{8BC9CEB8-8B4A-11D0-8D11-00A0C91BC942}") = "Test", "Test\Test.vcxproj", "{0A250B07-C3A2-43AE-89D7-6A1A2A0F6776}"
EndProject
Project("{2150E333-8FDC-42A3-9474-1A3956D46DE8}") = "Solution Items", "Solution Items", "{B34FAC6E-978E-43F2-82D9-A9EC60E190ED}"
	ProjectSection(SolutionItems) = preProject
		.github\workflows\build.yml = .github\workflows\build.yml
		README.md = README.md
		todo.txt = todo.txt
	EndProjectSection
EndProject
Project("{8BC9CEB8-8B4A-11D0-8D11-00A0C91BC942}") = "fonts", "fonts\fonts.vcxproj", "{A0CA0D69-0A51-4680-9EF9-90BAAA8593BE}"
EndProject
Project("{8BC9CEB8-8B4A-11D0-8D11-00A0C91BC942}") = "ppr", "ppr\ppr.vcxproj", "{B9FABC15-1D09-4527-8221-435E84EF7FDC}"
EndProject
Project("{8BC9CEB8-8B4A-11D0-8D11-00A0C91BC942}") = "sandbox", "sandbox\sandbox.vcxproj", "{EAF5F884-4664-4906-AE69-1B73EDF13517}"
EndProject
Global
	GlobalSection(SolutionConfigurationPlatforms) = preSolution
		Debug|x64 = Debug|x64
		Release|x64 = Release|x64
	EndGlobalSection
	GlobalSection(ProjectConfigurationPlatforms) = postSolution
		{D38F8636-A730-45B7-906C-0ADB987405F7}.Debug|x64.ActiveCfg = Debug|x64
		{D38F8636-A730-45B7-906C-0ADB987405F7}.Debug|x64.Build.0 = Debug|x64
		{D38F8636-A730-45B7-906C-0ADB987405F7}.Release|x64.ActiveCfg = Release|x64
		{D38F8636-A730-45B7-906C-0ADB987405F7}.Release|x64.Build.0 = Release|x64
		{C25F361E-F21E-44CC-A75E-1889FAC9F204}.Debug|x64.ActiveCfg = Debug|x64
		{C25F361E-F21E-44CC-A75E-1889FAC9F204}.Debug|x64.Build.0 = Debug|x64
		{C25F361E-F21E-44CC-A75E-1889FAC9F204}.Release|x64.ActiveCfg = Release|x64
		{C25F361E-F21E-44CC-A75E-1889FAC9F204}.Release|x64.Build.0 = Release|x64
		{63BF7205-451E-4706-91D2-ABA66FDC30C0}.Debug|x64.ActiveCfg = Debug|x64
		{63BF7205-451E-4706-91D2-ABA66FDC30C0}.Debug|x64.Build.0 = Debug|x64
		{63BF7205-451E-4706-91D2-ABA66FDC30C0}.Release|x64.ActiveCfg = Release|x64
		{63BF7205-451E-4706-91D2-ABA66FDC30C0}.Release|x64.Build.0 = Release|x64
		{0A250B07-C3A2-43AE-89D7-6A1A2A0F6776}.Debug|x64.ActiveCfg = Debug|x64
		{0A250B07-C3A2-43AE-89D7-6A1A2A0F6776}.Debug|x64.Build.0 = Debug|x64
		{0A250B07-C3A2-43AE-89D7-6A1A2A0F6776}.Release|x64.ActiveCfg = Release|x64
		{0A250B07-C3A2-43AE-89D7-6A1A2A0F6776}.Release|x64.Build.0 = Release|x64
		{A0CA0D69-0A51-4680-9EF9-90BAAA8593BE}.Debug|x64.ActiveCfg = Debug|x64
		{A0CA0D69-0A51-4680-9EF9-90BAAA8593BE}.Debug|x64.Build.0 = Debug|x64
		{A0CA0D69-0A51-4680-9EF9-90BAAA8593BE}.Release|x64.ActiveCfg = Release|x64
		{A0CA0D69-0A51-4680-9EF9-90BAAA8593BE}.Release|x64.Build.0 = Release|x64
		{B9FABC15-1D09-4527-8221-435E84EF7FDC}.Debug|x64.ActiveCfg = Debug|x64
		{B9FABC15-1D09-4527-8221-435E84EF7FDC}.Debug|x64.Build.0 = Debug|x64
		{B9FABC15-1D09-4527-8221-435E84EF7FDC}.Release|x64.ActiveCfg = Release|x64
		{B9FABC15-1D09-4527-8221-435E84EF7FDC}.Release|x64.Build.0 = Release|x64
		{EAF5F884-4664-4906-AE69-1B73EDF13517}.Debug|x64.ActiveCfg = Debug|x64
		{EAF5F884-4664-4906-AE69-1B73EDF13517}.Debug|x64.Build.0 = Debug|x64
		{EAF5F884-4664-4906-AE69-1B73EDF13517}.Release|x64.ActiveCfg = Release|x64
		{EAF5F884-4664-4906-AE69-1B73EDF13517}.Release|x64.Build.0 = Release|x64
	EndGlobalSection
	GlobalSection(SolutionProperties) = preSolution
		HideSolutionNode = FALSE
	EndGlobalSection
	GlobalSection(ExtensibilityGlobals) = postSolution
		SolutionGuid = {4EBDCC0F-478D-4FFB-921A-8283F9078E49}
	EndGlobalSection
EndGlobal
