<?xml version="1.0" encoding="utf-8"?>
<Project ToolsVersion="4.0" xmlns="http://schemas.microsoft.com/developer/msbuild/2003">
  <ItemGroup>
    <Filter Include="Source Files">
      <UniqueIdentifier>{4FC737F1-C7A5-4376-A066-2A32D752A2FF}</UniqueIdentifier>
      <Extensions>cpp;c;cc;cxx;c++;cppm;ixx;def;odl;idl;hpj;bat;asm;asmx</Extensions>
    </Filter>
    <Filter Include="Header Files">
      <UniqueIdentifier>{93995380-89BD-4b04-88EB-625FBE52EBFB}</UniqueIdentifier>
      <Extensions>h;hh;hpp;hxx;h++;hm;inl;inc;ipp;xsd</Extensions>
    </Filter>
    <Filter Include="Resource Files">
      <UniqueIdentifier>{67DA6AB6-F800-4c08-8B7A-83BB121AAD01}</UniqueIdentifier>
      <Extensions>rc;ico;cur;bmp;dlg;rc2;rct;bin;rgs;gif;jpg;jpeg;jpe;resx;tiff;tif;png;wav;mfcribbon-ms</Extensions>
    </Filter>
    <Filter Include="Test Files">
      <UniqueIdentifier>{ea9453e5-5c8f-4dab-a77f-e720e0e4bcd6}</UniqueIdentifier>
    </Filter>
  </ItemGroup>
  <ItemGroup>
    <ClCompile Include="main.cpp">
      <Filter>Source Files</Filter>
    </ClCompile>
    <ClCompile Include="wnboard.cpp">
      <Filter>Source Files</Filter>
    </ClCompile>
    <ClCompile Include="board.cpp">
      <Filter>Source Files</Filter>
    </ClCompile>
    <ClCompile Include="movegen.cpp">
      <Filter>Source Files</Filter>
    </ClCompile>
    <ClCompile Include="test.cpp">
      <Filter>Source Files</Filter>
    </ClCompile>
    <ClCompile Include="newgame.cpp">
      <Filter>Source Files</Filter>
    </ClCompile>
    <ClCompile Include="human.cpp">
      <Filter>Source Files</Filter>
    </ClCompile>
    <ClCompile Include="game.cpp">
      <Filter>Source Files</Filter>
    </ClCompile>
    <ClCompile Include="computer.cpp">
      <Filter>Source Files</Filter>
    </ClCompile>
    <ClCompile Include="movelist.cpp">
      <Filter>Source Files</Filter>
    </ClCompile>
    <ClCompile Include="fep.cpp">
      <Filter>Source Files</Filter>
    </ClCompile>
    <ClCompile Include="psqt.cpp">
      <Filter>Source Files</Filter>
    </ClCompile>
    <ClCompile Include="hash.cpp">
      <Filter>Source Files</Filter>
    </ClCompile>
  </ItemGroup>
  <ItemGroup>
    <Image Include="resources\1920px-Chess_Pieces_Sprite.svg.png">
      <Filter>Resource Files</Filter>
    </Image>
    <Image Include="resources\chess.ico">
      <Filter>Resource Files</Filter>
    </Image>
    <Image Include="resources\small.ico">
      <Filter>Resource Files</Filter>
    </Image>
  </ItemGroup>
  <ItemGroup>
    <ResourceCompile Include="resources\chess.rc">
      <Filter>Resource Files</Filter>
    </ResourceCompile>
  </ItemGroup>
  <ItemGroup>
    <None Include="resources\Chess_Pieces_Sprite.svg">
      <Filter>Resource Files</Filter>
    </None>
    <None Include="test\arsan21.epd">
      <Filter>Test Files</Filter>
    </None>
    <None Include="test\BK-Test.epd">
      <Filter>Test Files</Filter>
    </None>
    <None Include="test\CCR-One-Hour-Test.epd">
      <Filter>Test Files</Filter>
    </None>
    <None Include="test\Eigenmann-Rapid-Engine-test.epd">
      <Filter>Test Files</Filter>
    </None>
    <None Include="test\Kaufman-Test.epd">
      <Filter>Test Files</Filter>
    </None>
    <None Include="test\LCT-II.epd">
      <Filter>Test Files</Filter>
    </None>
    <None Include="test\Null-Move-Test.epd">
      <Filter>Test Files</Filter>
    </None>
    <None Include="test\Silent-But-Deadly.epd">
      <Filter>Test Files</Filter>
    </None>
    <None Include="test\STS1.epd">
      <Filter>Test Files</Filter>
    </None>
    <None Include="test\STS2.epd">
      <Filter>Test Files</Filter>
    </None>
    <None Include="test\STS3.epd">
      <Filter>Test Files</Filter>
    </None>
    <None Include="test\STS4.epd">
      <Filter>Test Files</Filter>
    </None>
    <None Include="test\STS5.epd">
      <Filter>Test Files</Filter>
    </None>
    <None Include="test\STS6.epd">
      <Filter>Test Files</Filter>
    </None>
    <None Include="test\STS7.epd">
      <Filter>Test Files</Filter>
    </None>
    <None Include="test\STS8.epd">
      <Filter>Test Files</Filter>
    </None>
    <None Include="test\STS9.epd">
      <Filter>Test Files</Filter>
    </None>
    <None Include="test\STS10.epd">
      <Filter>Test Files</Filter>
    </None>
    <None Include="test\STS11.epd">
      <Filter>Test Files</Filter>
    </None>
    <None Include="test\STS12.epd">
      <Filter>Test Files</Filter>
    </None>
    <None Include="test\STS13.epd">
      <Filter>Test Files</Filter>
    </None>
    <None Include="test\STS14.epd">
      <Filter>Test Files</Filter>
    </None>
    <None Include="test\STS15.epd">
      <Filter>Test Files</Filter>
    </None>
    <None Include="test\The-Nolot-Suite.epd">
      <Filter>Test Files</Filter>
    </None>
    <None Include="test\Win-At-Chess-New.epd">
      <Filter>Test Files</Filter>
    </None>
    <None Include="cpp.hint">
      <Filter>Source Files</Filter>
    </None>
  </ItemGroup>
  <ItemGroup>
    <ClInclude Include="include\chess.h">
      <Filter>Header Files</Filter>
    </ClInclude>
    <ClInclude Include="include\resource.h">
      <Filter>Header Files</Filter>
    </ClInclude>
    <ClInclude Include="include\board.h">
      <Filter>Header Files</Filter>
    </ClInclude>
    <ClInclude Include="include\newgame.h">
      <Filter>Header Files</Filter>
    </ClInclude>
    <ClInclude Include="include\game.h">
      <Filter>Header Files</Filter>
    </ClInclude>
    <ClInclude Include="include\player.h">
      <Filter>Header Files</Filter>
    </ClInclude>
    <ClInclude Include="include\test.h">
      <Filter>Header Files</Filter>
    </ClInclude>
    <ClInclude Include="include\movelist.h">
      <Filter>Header Files</Filter>
    </ClInclude>
    <ClInclude Include="include\computer.h">
      <Filter>Header Files</Filter>
    </ClInclude>
    <ClInclude Include="include\psqt.h">
      <Filter>Header Files</Filter>
    </ClInclude>
  </ItemGroup>
  <ItemGroup>
    <Natvis Include="chess.natvis">
      <Filter>Source Files</Filter>
    </Natvis>
  </ItemGroup>
</Project>